
Microsoft Visual Studio Solution File, Format Version 12.00
# Visual Studio Version 17
VisualStudioVersion = 17.11.35303.130
MinimumVisualStudioVersion = 10.0.40219.1
Project("{2150E333-8FDC-42A3-9474-1A3956D46DE8}") = "Task0", "Task0", "{EC67BF11-244B-4E51-BE48-556F646E9C39}"
EndProject
Project("{FAE04EC0-301F-11D3-BF4B-00C04F79EFBC}") = "Tyuiu.VasilevNv.Sprint0.Task0.V0", "Tyuiu.VasilevNv.Sprint0.Task0.V0\Tyuiu.VasilevNv.Sprint0.Task0.V0.csproj", "{006E67BF-91B3-48F2-9293-88CF01FF8326}"
EndProject
Project("{2150E333-8FDC-42A3-9474-1A3956D46DE8}") = "Task1", "Task1", "{6CC41BCA-659F-40E2-8B17-A88FAF25CED6}"
EndProject
Project("{FAE04EC0-301F-11D3-BF4B-00C04F79EFBC}") = "Tyuiu.VasilevNV.Sprint0.Task1.V0", "Tyuiu.VasilevNV.Sprint0.Task1.V0\Tyuiu.VasilevNV.Sprint0.Task1.V0.csproj", "{C29A6F20-913B-479D-9C4F-D56267AAD8D4}"
EndProject
Project("{2150E333-8FDC-42A3-9474-1A3956D46DE8}") = "Task 2", "Task 2", "{130AF654-3D87-440C-B561-F0B905D6EA97}"
EndProject
Project("{FAE04EC0-301F-11D3-BF4B-00C04F79EFBC}") = "Tyuiu.VasilevNV.Sprint0.Task2.V0", "Tyuiu.VasilevNV.Sprint0.Task2.V0\Tyuiu.VasilevNV.Sprint0.Task2.V0.csproj", "{727AF619-28D6-45F3-BD02-3B3F40AD638A}"
EndProject
Project("{FAE04EC0-301F-11D3-BF4B-00C04F79EFBC}") = "Tyuiu.VasilevNV.Sprint0.Task2.V0.Lib", "Tyuiu.VasilevNV.Sprint0.Task2.V0.Lib\Tyuiu.VasilevNV.Sprint0.Task2.V0.Lib.csproj", "{BBBC13ED-D00A-4E87-AD04-C4DC518A771D}"
EndProject
Project("{FAE04EC0-301F-11D3-BF4B-00C04F79EFBC}") = "Tyuiu.VasilevNV.Sprint0.Task2.V0.Test", "Tyuiu.VasilevNV.Sprint0.Task2.V0.Test\Tyuiu.VasilevNV.Sprint0.Task2.V0.Test.csproj", "{3C23CF3B-09BA-4AA4-AD61-365F7121023C}"
EndProject
Project("{2150E333-8FDC-42A3-9474-1A3956D46DE8}") = "Task 3", "Task 3", "{DF299CC1-A29A-4DC2-9D71-2541056C8BAC}"
EndProject
Project("{FAE04EC0-301F-11D3-BF4B-00C04F79EFBC}") = "Tyuiu.VasilevNV.Sprint0.Task3.V0", "Tyuiu.VasilevNV.Sprint0.Task3.V0\Tyuiu.VasilevNV.Sprint0.Task3.V0.csproj", "{EEA4EDE2-7C65-4866-8BE0-4AF0EEF503F3}"
EndProject
Project("{FAE04EC0-301F-11D3-BF4B-00C04F79EFBC}") = "Tyuiu.VasilevNV.Sprint0.Task3.V0.Lib", "Tyuiu.VasilevNV.Sprint0.Task3.Lib\Tyuiu.VasilevNV.Sprint0.Task3.V0.Lib.csproj", "{1A1C6F51-EA7F-4AFE-A499-F576E26CF5FA}"
EndProject
Project("{FAE04EC0-301F-11D3-BF4B-00C04F79EFBC}") = "Tyuiu.VasilevNV.Sprint0.Task3.V0.Test", "Tyuiu.VasilevNV.Sprint0.Task3.Test\Tyuiu.VasilevNV.Sprint0.Task3.V0.Test.csproj", "{C6B5C8BD-2871-4B27-BC21-17C19DAABC82}"
EndProject
Project("{2150E333-8FDC-42A3-9474-1A3956D46DE8}") = "Task 4", "Task 4", "{E8529AB3-5B29-4490-9525-DED27AC9D98E}"
EndProject
Project("{FAE04EC0-301F-11D3-BF4B-00C04F79EFBC}") = "Tyuiu.VasilevNV.Sprint0.Task4.V0", "Tyuiu.VasilevNV.Sprint0.Task4.V0\Tyuiu.VasilevNV.Sprint0.Task4.V0.csproj", "{BD4CD659-ABE0-4152-BA79-B911CDBC581C}"
EndProject
Project("{FAE04EC0-301F-11D3-BF4B-00C04F79EFBC}") = "Tyuiu.VasilevNV.Sprint0.Task4.V0.Test", "Tyuiu.VasilevNV.Sprint0.Task4.V0.Test\Tyuiu.VasilevNV.Sprint0.Task4.V0.Test.csproj", "{5EB1D481-FFD0-4B40-A6A3-20AC8A4C93D2}"
EndProject
Project("{FAE04EC0-301F-11D3-BF4B-00C04F79EFBC}") = "Tyuiu.VasilevNV.Sprint0.Task4.V0.Lib", "Tyuiu.VasilevNV.Sprint0.Task4.V0.Lib\Tyuiu.VasilevNV.Sprint0.Task4.V0.Lib.csproj", "{AA686110-5735-4CE0-A4B5-C1429A04C22C}"
EndProject
Global
	GlobalSection(SolutionConfigurationPlatforms) = preSolution
		Debug|Any CPU = Debug|Any CPU
		Release|Any CPU = Release|Any CPU
	EndGlobalSection
	GlobalSection(ProjectConfigurationPlatforms) = postSolution
		{006E67BF-91B3-48F2-9293-88CF01FF8326}.Debug|Any CPU.ActiveCfg = Debug|Any CPU
		{006E67BF-91B3-48F2-9293-88CF01FF8326}.Debug|Any CPU.Build.0 = Debug|Any CPU
		{006E67BF-91B3-48F2-9293-88CF01FF8326}.Release|Any CPU.ActiveCfg = Release|Any CPU
		{006E67BF-91B3-48F2-9293-88CF01FF8326}.Release|Any CPU.Build.0 = Release|Any CPU
		{C29A6F20-913B-479D-9C4F-D56267AAD8D4}.Debug|Any CPU.ActiveCfg = Debug|Any CPU
		{C29A6F20-913B-479D-9C4F-D56267AAD8D4}.Debug|Any CPU.Build.0 = Debug|Any CPU
		{C29A6F20-913B-479D-9C4F-D56267AAD8D4}.Release|Any CPU.ActiveCfg = Release|Any CPU
		{C29A6F20-913B-479D-9C4F-D56267AAD8D4}.Release|Any CPU.Build.0 = Release|Any CPU
		{727AF619-28D6-45F3-BD02-3B3F40AD638A}.Debug|Any CPU.ActiveCfg = Debug|Any CPU
		{727AF619-28D6-45F3-BD02-3B3F40AD638A}.Debug|Any CPU.Build.0 = Debug|Any CPU
		{727AF619-28D6-45F3-BD02-3B3F40AD638A}.Release|Any CPU.ActiveCfg = Release|Any CPU
		{727AF619-28D6-45F3-BD02-3B3F40AD638A}.Release|Any CPU.Build.0 = Release|Any CPU
		{BBBC13ED-D00A-4E87-AD04-C4DC518A771D}.Debug|Any CPU.ActiveCfg = Debug|Any CPU
		{BBBC13ED-D00A-4E87-AD04-C4DC518A771D}.Debug|Any CPU.Build.0 = Debug|Any CPU
		{BBBC13ED-D00A-4E87-AD04-C4DC518A771D}.Release|Any CPU.ActiveCfg = Release|Any CPU
		{BBBC13ED-D00A-4E87-AD04-C4DC518A771D}.Release|Any CPU.Build.0 = Release|Any CPU
		{3C23CF3B-09BA-4AA4-AD61-365F7121023C}.Debug|Any CPU.ActiveCfg = Debug|Any CPU
		{3C23CF3B-09BA-4AA4-AD61-365F7121023C}.Debug|Any CPU.Build.0 = Debug|Any CPU
		{3C23CF3B-09BA-4AA4-AD61-365F7121023C}.Release|Any CPU.ActiveCfg = Release|Any CPU
		{3C23CF3B-09BA-4AA4-AD61-365F7121023C}.Release|Any CPU.Build.0 = Release|Any CPU
		{EEA4EDE2-7C65-4866-8BE0-4AF0EEF503F3}.Debug|Any CPU.ActiveCfg = Debug|Any CPU
		{EEA4EDE2-7C65-4866-8BE0-4AF0EEF503F3}.Debug|Any CPU.Build.0 = Debug|Any CPU
		{EEA4EDE2-7C65-4866-8BE0-4AF0EEF503F3}.Release|Any CPU.ActiveCfg = Release|Any CPU
		{EEA4EDE2-7C65-4866-8BE0-4AF0EEF503F3}.Release|Any CPU.Build.0 = Release|Any CPU
		{1A1C6F51-EA7F-4AFE-A499-F576E26CF5FA}.Debug|Any CPU.ActiveCfg = Debug|Any CPU
		{1A1C6F51-EA7F-4AFE-A499-F576E26CF5FA}.Debug|Any CPU.Build.0 = Debug|Any CPU
		{1A1C6F51-EA7F-4AFE-A499-F576E26CF5FA}.Release|Any CPU.ActiveCfg = Release|Any CPU
		{1A1C6F51-EA7F-4AFE-A499-F576E26CF5FA}.Release|Any CPU.Build.0 = Release|Any CPU
		{C6B5C8BD-2871-4B27-BC21-17C19DAABC82}.Debug|Any CPU.ActiveCfg = Debug|Any CPU
		{C6B5C8BD-2871-4B27-BC21-17C19DAABC82}.Debug|Any CPU.Build.0 = Debug|Any CPU
		{C6B5C8BD-2871-4B27-BC21-17C19DAABC82}.Release|Any CPU.ActiveCfg = Release|Any CPU
		{C6B5C8BD-2871-4B27-BC21-17C19DAABC82}.Release|Any CPU.Build.0 = Release|Any CPU
		{BD4CD659-ABE0-4152-BA79-B911CDBC581C}.Debug|Any CPU.ActiveCfg = Debug|Any CPU
		{BD4CD659-ABE0-4152-BA79-B911CDBC581C}.Debug|Any CPU.Build.0 = Debug|Any CPU
		{BD4CD659-ABE0-4152-BA79-B911CDBC581C}.Release|Any CPU.ActiveCfg = Release|Any CPU
		{BD4CD659-ABE0-4152-BA79-B911CDBC581C}.Release|Any CPU.Build.0 = Release|Any CPU
		{5EB1D481-FFD0-4B40-A6A3-20AC8A4C93D2}.Debug|Any CPU.ActiveCfg = Debug|Any CPU
		{5EB1D481-FFD0-4B40-A6A3-20AC8A4C93D2}.Debug|Any CPU.Build.0 = Debug|Any CPU
		{5EB1D481-FFD0-4B40-A6A3-20AC8A4C93D2}.Release|Any CPU.ActiveCfg = Release|Any CPU
		{5EB1D481-FFD0-4B40-A6A3-20AC8A4C93D2}.Release|Any CPU.Build.0 = Release|Any CPU
		{AA686110-5735-4CE0-A4B5-C1429A04C22C}.Debug|Any CPU.ActiveCfg = Debug|Any CPU
		{AA686110-5735-4CE0-A4B5-C1429A04C22C}.Debug|Any CPU.Build.0 = Debug|Any CPU
		{AA686110-5735-4CE0-A4B5-C1429A04C22C}.Release|Any CPU.ActiveCfg = Release|Any CPU
		{AA686110-5735-4CE0-A4B5-C1429A04C22C}.Release|Any CPU.Build.0 = Release|Any CPU
	EndGlobalSection
	GlobalSection(SolutionProperties) = preSolution
		HideSolutionNode = FALSE
	EndGlobalSection
	GlobalSection(NestedProjects) = preSolution
		{EC67BF11-244B-4E51-BE48-556F646E9C39} = {130AF654-3D87-440C-B561-F0B905D6EA97}
		{006E67BF-91B3-48F2-9293-88CF01FF8326} = {EC67BF11-244B-4E51-BE48-556F646E9C39}
		{C29A6F20-913B-479D-9C4F-D56267AAD8D4} = {6CC41BCA-659F-40E2-8B17-A88FAF25CED6}
		{727AF619-28D6-45F3-BD02-3B3F40AD638A} = {130AF654-3D87-440C-B561-F0B905D6EA97}
		{BBBC13ED-D00A-4E87-AD04-C4DC518A771D} = {130AF654-3D87-440C-B561-F0B905D6EA97}
		{3C23CF3B-09BA-4AA4-AD61-365F7121023C} = {130AF654-3D87-440C-B561-F0B905D6EA97}
		{DF299CC1-A29A-4DC2-9D71-2541056C8BAC} = {130AF654-3D87-440C-B561-F0B905D6EA97}
		{EEA4EDE2-7C65-4866-8BE0-4AF0EEF503F3} = {DF299CC1-A29A-4DC2-9D71-2541056C8BAC}
		{1A1C6F51-EA7F-4AFE-A499-F576E26CF5FA} = {DF299CC1-A29A-4DC2-9D71-2541056C8BAC}
		{C6B5C8BD-2871-4B27-BC21-17C19DAABC82} = {DF299CC1-A29A-4DC2-9D71-2541056C8BAC}
		{BD4CD659-ABE0-4152-BA79-B911CDBC581C} = {E8529AB3-5B29-4490-9525-DED27AC9D98E}
		{5EB1D481-FFD0-4B40-A6A3-20AC8A4C93D2} = {E8529AB3-5B29-4490-9525-DED27AC9D98E}
		{AA686110-5735-4CE0-A4B5-C1429A04C22C} = {E8529AB3-5B29-4490-9525-DED27AC9D98E}
	EndGlobalSection
	GlobalSection(ExtensibilityGlobals) = postSolution
		SolutionGuid = {1F19B941-C615-4317-AF2C-0E9FB2934421}
	EndGlobalSection
EndGlobal
