
Microsoft Visual Studio Solution File, Format Version 12.00
# Visual Studio Version 17
VisualStudioVersion = 17.11.35303.130
MinimumVisualStudioVersion = 10.0.40219.1
Project("{2150E333-8FDC-42A3-9474-1A3956D46DE8}") = "Task0", "Task0", "{EC67BF11-244B-4E51-BE48-556F646E9C39}"
EndProject
Project("{FAE04EC0-301F-11D3-BF4B-00C04F79EFBC}") = "Tyuiu.VasilevNv.Sprint0.Task0.V0", "Tyuiu.VasilevNv.Sprint0.Task0.V0\Tyuiu.VasilevNv.Sprint0.Task0.V0.csproj", "{006E67BF-91B3-48F2-9293-88CF01FF8326}"
EndProject
Global
	GlobalSection(SolutionConfigurationPlatforms) = preSolution
		Debug|Any CPU = Debug|Any CPU
		Release|Any CPU = Release|Any CPU
	EndGlobalSection
	GlobalSection(ProjectConfigurationPlatforms) = postSolution
		{006E67BF-91B3-48F2-9293-88CF01FF8326}.Debug|Any CPU.ActiveCfg = Debug|Any CPU
		{006E67BF-91B3-48F2-9293-88CF01FF8326}.Debug|Any CPU.Build.0 = Debug|Any CPU
		{006E67BF-91B3-48F2-9293-88CF01FF8326}.Release|Any CPU.ActiveCfg = Release|Any CPU
		{006E67BF-91B3-48F2-9293-88CF01FF8326}.Release|Any CPU.Build.0 = Release|Any CPU
	EndGlobalSection
	GlobalSection(SolutionProperties) = preSolution
		HideSolutionNode = FALSE
	EndGlobalSection
	GlobalSection(NestedProjects) = preSolution
		{006E67BF-91B3-48F2-9293-88CF01FF8326} = {EC67BF11-244B-4E51-BE48-556F646E9C39}
	EndGlobalSection
	GlobalSection(ExtensibilityGlobals) = postSolution
		SolutionGuid = {1F19B941-C615-4317-AF2C-0E9FB2934421}
	EndGlobalSection
EndGlobal
